
Microsoft Visual Studio Solution File, Format Version 12.00
# Visual Studio Version 17
VisualStudioVersion = 17.8.34322.80
MinimumVisualStudioVersion = 10.0.40219.1
Project("{FAE04EC0-301F-11D3-BF4B-00C04F79EFBC}") = "PhisingTestPlatform.UI", "PhisingTestPlatform.UI.csproj", "{0C7D3C3B-696E-4F6A-939E-763212D8C205}"
EndProject
Global
	GlobalSection(SolutionConfigurationPlatforms) = preSolution
		Debug|Any CPU = Debug|Any CPU
		Release|Any CPU = Release|Any CPU
	EndGlobalSection
	GlobalSection(ProjectConfigurationPlatforms) = postSolution
		{0C7D3C3B-696E-4F6A-939E-763212D8C205}.Debug|Any CPU.ActiveCfg = Debug|Any CPU
		{0C7D3C3B-696E-4F6A-939E-763212D8C205}.Debug|Any CPU.Build.0 = Debug|Any CPU
		{0C7D3C3B-696E-4F6A-939E-763212D8C205}.Release|Any CPU.ActiveCfg = Release|Any CPU
		{0C7D3C3B-696E-4F6A-939E-763212D8C205}.Release|Any CPU.Build.0 = Release|Any CPU
	EndGlobalSection
	GlobalSection(SolutionProperties) = preSolution
		HideSolutionNode = FALSE
	EndGlobalSection
	GlobalSection(ExtensibilityGlobals) = postSolution
		SolutionGuid = {6D8FBE02-45F8-4C4D-859F-959E1FF64FA6}
	EndGlobalSection
EndGlobal
